
Microsoft Visual Studio Solution File, Format Version 12.00
# Visual Studio Version 17
VisualStudioVersion = 17.12.35707.178
MinimumVisualStudioVersion = 10.0.40219.1
Project("{FAE04EC0-301F-11D3-BF4B-00C04F79EFBC}") = "PostScript_Interpreter", "PostScript_Interpreter.csproj", "{71982943-166E-4F0C-89A3-7F7A12F5E4DE}"
EndProject
Project("{FAE04EC0-301F-11D3-BF4B-00C04F79EFBC}") = "mini_project_tests", "..\mini_project_tests\mini_project_tests.csproj", "{F2F0EC2B-FBA4-430A-AACC-5B4853D7D0CF}"
	ProjectSection(ProjectDependencies) = postProject
		{71982943-166E-4F0C-89A3-7F7A12F5E4DE} = {71982943-166E-4F0C-89A3-7F7A12F5E4DE}
	EndProjectSection
EndProject
Global
	GlobalSection(SolutionConfigurationPlatforms) = preSolution
		Debug|Any CPU = Debug|Any CPU
		Release|Any CPU = Release|Any CPU
	EndGlobalSection
	GlobalSection(ProjectConfigurationPlatforms) = postSolution
		{71982943-166E-4F0C-89A3-7F7A12F5E4DE}.Debug|Any CPU.ActiveCfg = Debug|Any CPU
		{71982943-166E-4F0C-89A3-7F7A12F5E4DE}.Debug|Any CPU.Build.0 = Debug|Any CPU
		{71982943-166E-4F0C-89A3-7F7A12F5E4DE}.Release|Any CPU.ActiveCfg = Release|Any CPU
		{71982943-166E-4F0C-89A3-7F7A12F5E4DE}.Release|Any CPU.Build.0 = Release|Any CPU
		{F2F0EC2B-FBA4-430A-AACC-5B4853D7D0CF}.Debug|Any CPU.ActiveCfg = Debug|Any CPU
		{F2F0EC2B-FBA4-430A-AACC-5B4853D7D0CF}.Debug|Any CPU.Build.0 = Debug|Any CPU
		{F2F0EC2B-FBA4-430A-AACC-5B4853D7D0CF}.Release|Any CPU.ActiveCfg = Release|Any CPU
		{F2F0EC2B-FBA4-430A-AACC-5B4853D7D0CF}.Release|Any CPU.Build.0 = Release|Any CPU
	EndGlobalSection
	GlobalSection(SolutionProperties) = preSolution
		HideSolutionNode = FALSE
	EndGlobalSection
EndGlobal
